{
  "name": "darkblowpb",
  "lockfileVersion": 2,
  "requires": true,
  "packages": {
    "": {
      "dependencies": {
        "jquery": "^3.6.0",
        "mpdf": "^1.0.0"
      }
    },
    "node_modules/jquery": {
      "version": "3.6.0",
      "resolved": "https://registry.npmjs.org/jquery/-/jquery-3.6.0.tgz",
      "integrity": "sha512-JVzAR/AjBvVt2BmYhxRCSYysDsPcssdmTFnzyLEts9qNwmjmu4JTAMYubEfwVOSwpQ1I1sKKFcxhZCI2buerfw=="
    },
    "node_modules/mpdf": {
      "version": "1.0.0",
      "resolved": "https://registry.npmjs.org/mpdf/-/mpdf-1.0.0.tgz",
      "integrity": "sha512-T1B/TjQTW0fb1QZOcKOS6wTUG/qHqgxSr2Vlft5pokIB1OM2o7Oux0qvfNPLzIZ56Nhdy6LHyR6ZS4xnSZW8Yg=="
    }
  },
  "dependencies": {
    "jquery": {
      "version": "3.6.0",
      "resolved": "https://registry.npmjs.org/jquery/-/jquery-3.6.0.tgz",
      "integrity": "sha512-JVzAR/AjBvVt2BmYhxRCSYysDsPcssdmTFnzyLEts9qNwmjmu4JTAMYubEfwVOSwpQ1I1sKKFcxhZCI2buerfw=="
    },
    "mpdf": {
      "version": "1.0.0",
      "resolved": "https://registry.npmjs.org/mpdf/-/mpdf-1.0.0.tgz",
      "integrity": "sha512-T1B/TjQTW0fb1QZOcKOS6wTUG/qHqgxSr2Vlft5pokIB1OM2o7Oux0qvfNPLzIZ56Nhdy6LHyR6ZS4xnSZW8Yg=="
    }
  }
}
